
Microsoft Visual Studio Solution File, Format Version 12.00
# Visual Studio Version 17
VisualStudioVersion = 17.10.35004.147
MinimumVisualStudioVersion = 10.0.40219.1
Project("{2150E333-8FDC-42A3-9474-1A3956D46DE8}") = "src", "src", "{A383DA60-81D3-4627-A7B9-AC3760EF1B51}"
EndProject
Project("{2150E333-8FDC-42A3-9474-1A3956D46DE8}") = "Application", "Application", "{DDF9938A-5A90-44F2-92B4-6514768F96BB}"
EndProject
Project("{2150E333-8FDC-42A3-9474-1A3956D46DE8}") = "Domain", "Domain", "{7CCFDFB2-5775-442C-94BD-31969FA84A42}"
EndProject
Project("{2150E333-8FDC-42A3-9474-1A3956D46DE8}") = "Infrastructure", "Infrastructure", "{7D06E1BD-D166-4FCE-BF4E-581EA8A61E2F}"
EndProject
Project("{9A19103F-16F7-4668-BE54-9A1E7A4F7556}") = "Application", "Application\Application.csproj", "{F9ECA538-9B2F-4C86-92BF-55C4D9D5ADB4}"
EndProject
Project("{9A19103F-16F7-4668-BE54-9A1E7A4F7556}") = "Domain", "Domain\Domain.csproj", "{F76D7165-BF0C-4D89-A749-8DE347CD1D15}"
EndProject
Project("{9A19103F-16F7-4668-BE54-9A1E7A4F7556}") = "Infrastructure", "Infrastructure\Infrastructure.csproj", "{A02CCAA4-AD6C-417D-8B64-2EC560032CA3}"
EndProject
Project("{2150E333-8FDC-42A3-9474-1A3956D46DE8}") = "WebApi", "WebApi", "{29D093B0-7DC7-49D5-B8BF-8A8CF1190129}"
EndProject
Project("{9A19103F-16F7-4668-BE54-9A1E7A4F7556}") = "VaidyaApis", "VaidyaApis\VaidyaApis.csproj", "{CEAC4BFA-4E58-49E5-8EA5-03FA9B3757B0}"
EndProject
Global
	GlobalSection(SolutionConfigurationPlatforms) = preSolution
		Debug|Any CPU = Debug|Any CPU
		Release|Any CPU = Release|Any CPU
	EndGlobalSection
	GlobalSection(ProjectConfigurationPlatforms) = postSolution
		{F9ECA538-9B2F-4C86-92BF-55C4D9D5ADB4}.Debug|Any CPU.ActiveCfg = Debug|Any CPU
		{F9ECA538-9B2F-4C86-92BF-55C4D9D5ADB4}.Debug|Any CPU.Build.0 = Debug|Any CPU
		{F9ECA538-9B2F-4C86-92BF-55C4D9D5ADB4}.Release|Any CPU.ActiveCfg = Release|Any CPU
		{F9ECA538-9B2F-4C86-92BF-55C4D9D5ADB4}.Release|Any CPU.Build.0 = Release|Any CPU
		{F76D7165-BF0C-4D89-A749-8DE347CD1D15}.Debug|Any CPU.ActiveCfg = Debug|Any CPU
		{F76D7165-BF0C-4D89-A749-8DE347CD1D15}.Debug|Any CPU.Build.0 = Debug|Any CPU
		{F76D7165-BF0C-4D89-A749-8DE347CD1D15}.Release|Any CPU.ActiveCfg = Release|Any CPU
		{F76D7165-BF0C-4D89-A749-8DE347CD1D15}.Release|Any CPU.Build.0 = Release|Any CPU
		{A02CCAA4-AD6C-417D-8B64-2EC560032CA3}.Debug|Any CPU.ActiveCfg = Debug|Any CPU
		{A02CCAA4-AD6C-417D-8B64-2EC560032CA3}.Debug|Any CPU.Build.0 = Debug|Any CPU
		{A02CCAA4-AD6C-417D-8B64-2EC560032CA3}.Release|Any CPU.ActiveCfg = Release|Any CPU
		{A02CCAA4-AD6C-417D-8B64-2EC560032CA3}.Release|Any CPU.Build.0 = Release|Any CPU
		{CEAC4BFA-4E58-49E5-8EA5-03FA9B3757B0}.Debug|Any CPU.ActiveCfg = Debug|Any CPU
		{CEAC4BFA-4E58-49E5-8EA5-03FA9B3757B0}.Debug|Any CPU.Build.0 = Debug|Any CPU
		{CEAC4BFA-4E58-49E5-8EA5-03FA9B3757B0}.Release|Any CPU.ActiveCfg = Release|Any CPU
		{CEAC4BFA-4E58-49E5-8EA5-03FA9B3757B0}.Release|Any CPU.Build.0 = Release|Any CPU
	EndGlobalSection
	GlobalSection(SolutionProperties) = preSolution
		HideSolutionNode = FALSE
	EndGlobalSection
	GlobalSection(NestedProjects) = preSolution
		{DDF9938A-5A90-44F2-92B4-6514768F96BB} = {A383DA60-81D3-4627-A7B9-AC3760EF1B51}
		{7CCFDFB2-5775-442C-94BD-31969FA84A42} = {A383DA60-81D3-4627-A7B9-AC3760EF1B51}
		{7D06E1BD-D166-4FCE-BF4E-581EA8A61E2F} = {A383DA60-81D3-4627-A7B9-AC3760EF1B51}
		{F9ECA538-9B2F-4C86-92BF-55C4D9D5ADB4} = {DDF9938A-5A90-44F2-92B4-6514768F96BB}
		{F76D7165-BF0C-4D89-A749-8DE347CD1D15} = {7CCFDFB2-5775-442C-94BD-31969FA84A42}
		{A02CCAA4-AD6C-417D-8B64-2EC560032CA3} = {7D06E1BD-D166-4FCE-BF4E-581EA8A61E2F}
		{29D093B0-7DC7-49D5-B8BF-8A8CF1190129} = {A383DA60-81D3-4627-A7B9-AC3760EF1B51}
		{CEAC4BFA-4E58-49E5-8EA5-03FA9B3757B0} = {29D093B0-7DC7-49D5-B8BF-8A8CF1190129}
	EndGlobalSection
	GlobalSection(ExtensibilityGlobals) = postSolution
		SolutionGuid = {2DDB4482-B307-4BB2-907E-472FCF30F8B2}
	EndGlobalSection
EndGlobal
